// !$*UTF8*$!
{
	archiveVersion = 1;
	classes = {
	};
	objectVersion = 55;
	objects = {

/* Begin PBXBuildFile section */
		0EB1855E8E22A9C13798BECC /* TuistBundle+UltraTemplateAssets.swift in Sources */ = {isa = PBXBuildFile; fileRef = A1D1637D3A215F78F3598AA9 /* TuistBundle+UltraTemplateAssets.swift */; };
		731E7A57E0C05666F2A5AC7A /* Images.xcassets in Resources */ = {isa = PBXBuildFile; fileRef = C06738CF2F137C1E68502460 /* Images.xcassets */; };
		7344D3A200B3067A4599C284 /* Colors.swift in Sources */ = {isa = PBXBuildFile; fileRef = 0D57E2F31090CE238948391A /* Colors.swift */; };
		756968905BBEA8F48EAB0B07 /* UltraTemplateCore.framework in Dependencies */ = {isa = PBXBuildFile; fileRef = F14524AC5FEF62866D0A1073 /* UltraTemplateCore.framework */; };
		D0BECFC4A5C46E77CF795E11 /* Fonts.swift in Sources */ = {isa = PBXBuildFile; fileRef = E29F96B6B2B71C99721B4A79 /* Fonts.swift */; };
		D2DA40116779842150F0DCAB /* Images.swift in Sources */ = {isa = PBXBuildFile; fileRef = 7448C400D76B1F8945FB0A8B /* Images.swift */; };
/* End PBXBuildFile section */

/* Begin PBXContainerItemProxy section */
		DBE59E7E3C6918CF9BADEFB0 /* PBXContainerItemProxy */ = {
			isa = PBXContainerItemProxy;
			containerPortal = 84FB1A8BA1A134FA43E6D46A /* Project object */;
			proxyType = 1;
			remoteGlobalIDString = BEEF18831B719AB0BE68E867;
			remoteInfo = "ultra-template-assets_UltraTemplateAssets";
		};
/* End PBXContainerItemProxy section */

/* Begin PBXCopyFilesBuildPhase section */
		561EAA28ECB70BD81D4C86DA /* Dependencies */ = {
			isa = PBXCopyFilesBuildPhase;
			buildActionMask = 8;
			dstSubfolderSpec = 16;
			files = (
				756968905BBEA8F48EAB0B07 /* UltraTemplateCore.framework in Dependencies */,
			);
			name = Dependencies;
			runOnlyForDeploymentPostprocessing = 1;
		};
		849ABE8A1812380FA564F99A /* Embed Frameworks */ = {
			isa = PBXCopyFilesBuildPhase;
			buildActionMask = 2147483647;
			dstPath = "";
			dstSubfolderSpec = 10;
			files = (
			);
			name = "Embed Frameworks";
			runOnlyForDeploymentPostprocessing = 0;
		};
		B08CFAC41C9B090B69634687 /* Embed Frameworks */ = {
			isa = PBXCopyFilesBuildPhase;
			buildActionMask = 2147483647;
			dstPath = "";
			dstSubfolderSpec = 10;
			files = (
			);
			name = "Embed Frameworks";
			runOnlyForDeploymentPostprocessing = 0;
		};
/* End PBXCopyFilesBuildPhase section */

/* Begin PBXFileReference section */
		0D57E2F31090CE238948391A /* Colors.swift */ = {isa = PBXFileReference; lastKnownFileType = sourcecode.swift; path = Colors.swift; sourceTree = "<group>"; };
		357888322A30C4316CAF24A3 /* UltraTemplateAssets-Info.plist */ = {isa = PBXFileReference; lastKnownFileType = text.plist; path = "UltraTemplateAssets-Info.plist"; sourceTree = "<group>"; };
		7448C400D76B1F8945FB0A8B /* Images.swift */ = {isa = PBXFileReference; lastKnownFileType = sourcecode.swift; path = Images.swift; sourceTree = "<group>"; };
		789FBAEE4972DBC4D49B5D37 /* ultra-template-assets_UltraTemplateAssets.bundle */ = {isa = PBXFileReference; explicitFileType = wrapper.cfbundle; includeInIndex = 0; path = "ultra-template-assets_UltraTemplateAssets.bundle"; sourceTree = BUILT_PRODUCTS_DIR; };
		A1D1637D3A215F78F3598AA9 /* TuistBundle+UltraTemplateAssets.swift */ = {isa = PBXFileReference; lastKnownFileType = sourcecode.swift; path = "TuistBundle+UltraTemplateAssets.swift"; sourceTree = "<group>"; };
		C06738CF2F137C1E68502460 /* Images.xcassets */ = {isa = PBXFileReference; lastKnownFileType = folder.assetcatalog; path = Images.xcassets; sourceTree = "<group>"; };
		E29F96B6B2B71C99721B4A79 /* Fonts.swift */ = {isa = PBXFileReference; lastKnownFileType = sourcecode.swift; path = Fonts.swift; sourceTree = "<group>"; };
		F14524AC5FEF62866D0A1073 /* UltraTemplateCore.framework */ = {isa = PBXFileReference; explicitFileType = wrapper.framework; includeInIndex = 0; path = UltraTemplateCore.framework; sourceTree = BUILT_PRODUCTS_DIR; };
		F1F7B137F9A075A184E42FCD /* UltraTemplateAssets.framework */ = {isa = PBXFileReference; explicitFileType = wrapper.framework; includeInIndex = 0; path = UltraTemplateAssets.framework; sourceTree = BUILT_PRODUCTS_DIR; };
		F5EF9B54261957325543F038 /* ultra-template-assets_UltraTemplateAssets-Info.plist */ = {isa = PBXFileReference; lastKnownFileType = text.plist; path = "ultra-template-assets_UltraTemplateAssets-Info.plist"; sourceTree = "<group>"; };
/* End PBXFileReference section */

/* Begin PBXFrameworksBuildPhase section */
		82DFCB011C9E0152FB90CEEC /* Frameworks */ = {
			isa = PBXFrameworksBuildPhase;
			buildActionMask = 2147483647;
			files = (
			);
			runOnlyForDeploymentPostprocessing = 0;
		};
		D46EB60ECD8CBB9A4D84B329 /* Frameworks */ = {
			isa = PBXFrameworksBuildPhase;
			buildActionMask = 2147483647;
			files = (
			);
			runOnlyForDeploymentPostprocessing = 0;
		};
/* End PBXFrameworksBuildPhase section */

/* Begin PBXGroup section */
		30F1447F1CD898C639F787C6 /* InfoPlists */ = {
			isa = PBXGroup;
			children = (
				F5EF9B54261957325543F038 /* ultra-template-assets_UltraTemplateAssets-Info.plist */,
				357888322A30C4316CAF24A3 /* UltraTemplateAssets-Info.plist */,
			);
			path = InfoPlists;
			sourceTree = "<group>";
		};
		3E307FE696ADED5459716094 /* Derived */ = {
			isa = PBXGroup;
			children = (
				30F1447F1CD898C639F787C6 /* InfoPlists */,
				DC51A919593EE1BA22F6B816 /* Sources */,
			);
			path = Derived;
			sourceTree = "<group>";
		};
		82CD15072E75351EFC679BC8 = {
			isa = PBXGroup;
			children = (
				9BCCF751E70BA08F4AC69968 /* Products */,
				CFFE018A5CCC5532A37EBF2C /* Project */,
			);
			sourceTree = "<group>";
		};
		9BCCF751E70BA08F4AC69968 /* Products */ = {
			isa = PBXGroup;
			children = (
				789FBAEE4972DBC4D49B5D37 /* ultra-template-assets_UltraTemplateAssets.bundle */,
				F1F7B137F9A075A184E42FCD /* UltraTemplateAssets.framework */,
				F14524AC5FEF62866D0A1073 /* UltraTemplateCore.framework */,
			);
			name = Products;
			sourceTree = "<group>";
		};
		B3D1684B9030C07A431E8490 /* UltraTemplateAssets */ = {
			isa = PBXGroup;
			children = (
				DE9B384C7E9C7498B130615F /* Resources */,
				DA73F9B0A736713EE78ABA6F /* Sources */,
			);
			path = UltraTemplateAssets;
			sourceTree = "<group>";
		};
		CFFE018A5CCC5532A37EBF2C /* Project */ = {
			isa = PBXGroup;
			children = (
				3E307FE696ADED5459716094 /* Derived */,
				B3D1684B9030C07A431E8490 /* UltraTemplateAssets */,
			);
			name = Project;
			sourceTree = "<group>";
		};
		DA73F9B0A736713EE78ABA6F /* Sources */ = {
			isa = PBXGroup;
			children = (
				0D57E2F31090CE238948391A /* Colors.swift */,
				E29F96B6B2B71C99721B4A79 /* Fonts.swift */,
				7448C400D76B1F8945FB0A8B /* Images.swift */,
			);
			path = Sources;
			sourceTree = "<group>";
		};
		DC51A919593EE1BA22F6B816 /* Sources */ = {
			isa = PBXGroup;
			children = (
				A1D1637D3A215F78F3598AA9 /* TuistBundle+UltraTemplateAssets.swift */,
			);
			path = Sources;
			sourceTree = "<group>";
		};
		DE9B384C7E9C7498B130615F /* Resources */ = {
			isa = PBXGroup;
			children = (
				C06738CF2F137C1E68502460 /* Images.xcassets */,
			);
			path = Resources;
			sourceTree = "<group>";
		};
/* End PBXGroup section */

/* Begin PBXNativeTarget section */
		BEEF18831B719AB0BE68E867 /* ultra-template-assets_UltraTemplateAssets */ = {
			isa = PBXNativeTarget;
			buildConfigurationList = 084D3AF95982347671359A31 /* Build configuration list for PBXNativeTarget "ultra-template-assets_UltraTemplateAssets" */;
			buildPhases = (
				E443BEFCCE4CA3C621AC8BF1 /* Sources */,
				7DC6909C44F5447CAFADDE62 /* Resources */,
				82DFCB011C9E0152FB90CEEC /* Frameworks */,
				B08CFAC41C9B090B69634687 /* Embed Frameworks */,
			);
			buildRules = (
			);
			dependencies = (
			);
			name = "ultra-template-assets_UltraTemplateAssets";
			packageProductDependencies = (
			);
			productName = "ultra-template-assets_UltraTemplateAssets";
			productReference = 789FBAEE4972DBC4D49B5D37 /* ultra-template-assets_UltraTemplateAssets.bundle */;
			productType = "com.apple.product-type.bundle";
		};
		F50808A20EC42E4B7F9E48C7 /* UltraTemplateAssets */ = {
			isa = PBXNativeTarget;
			buildConfigurationList = 27A10E41C4DF3B109D5CEDC3 /* Build configuration list for PBXNativeTarget "UltraTemplateAssets" */;
			buildPhases = (
				7266AB63D1122BFF5834D234 /* Sources */,
				22BFC74D76BC1CFB4F7DE050 /* Resources */,
				D46EB60ECD8CBB9A4D84B329 /* Frameworks */,
				849ABE8A1812380FA564F99A /* Embed Frameworks */,
				561EAA28ECB70BD81D4C86DA /* Dependencies */,
			);
			buildRules = (
			);
			dependencies = (
				A830052CDF9EBB4323EA860C /* PBXTargetDependency */,
			);
			name = UltraTemplateAssets;
			packageProductDependencies = (
			);
			productName = UltraTemplateAssets;
			productReference = F1F7B137F9A075A184E42FCD /* UltraTemplateAssets.framework */;
			productType = "com.apple.product-type.framework";
		};
/* End PBXNativeTarget section */

/* Begin PBXProject section */
		84FB1A8BA1A134FA43E6D46A /* Project object */ = {
			isa = PBXProject;
			attributes = {
				BuildIndependentTargetsInParallel = YES;
				LastUpgradeCheck = 9999;
				TargetAttributes = {
				};
			};
			buildConfigurationList = A117210EB7217771A64E47BF /* Build configuration list for PBXProject "ultra-template-assets" */;
			compatibilityVersion = "Xcode 14.0";
			developmentRegion = en;
			hasScannedForEncodings = 0;
			knownRegions = (
				Base,
				en,
			);
			mainGroup = 82CD15072E75351EFC679BC8;
			productRefGroup = 9BCCF751E70BA08F4AC69968 /* Products */;
			projectDirPath = "";
			projectRoot = "";
			targets = (
				F50808A20EC42E4B7F9E48C7 /* UltraTemplateAssets */,
				BEEF18831B719AB0BE68E867 /* ultra-template-assets_UltraTemplateAssets */,
			);
		};
/* End PBXProject section */

/* Begin PBXResourcesBuildPhase section */
		22BFC74D76BC1CFB4F7DE050 /* Resources */ = {
			isa = PBXResourcesBuildPhase;
			buildActionMask = 2147483647;
			files = (
			);
			runOnlyForDeploymentPostprocessing = 0;
		};
		7DC6909C44F5447CAFADDE62 /* Resources */ = {
			isa = PBXResourcesBuildPhase;
			buildActionMask = 2147483647;
			files = (
				731E7A57E0C05666F2A5AC7A /* Images.xcassets in Resources */,
			);
			runOnlyForDeploymentPostprocessing = 0;
		};
/* End PBXResourcesBuildPhase section */

/* Begin PBXSourcesBuildPhase section */
		7266AB63D1122BFF5834D234 /* Sources */ = {
			isa = PBXSourcesBuildPhase;
			buildActionMask = 2147483647;
			files = (
				0EB1855E8E22A9C13798BECC /* TuistBundle+UltraTemplateAssets.swift in Sources */,
				7344D3A200B3067A4599C284 /* Colors.swift in Sources */,
				D0BECFC4A5C46E77CF795E11 /* Fonts.swift in Sources */,
				D2DA40116779842150F0DCAB /* Images.swift in Sources */,
			);
			runOnlyForDeploymentPostprocessing = 0;
		};
		E443BEFCCE4CA3C621AC8BF1 /* Sources */ = {
			isa = PBXSourcesBuildPhase;
			buildActionMask = 2147483647;
			files = (
			);
			runOnlyForDeploymentPostprocessing = 0;
		};
/* End PBXSourcesBuildPhase section */

/* Begin PBXTargetDependency section */
		A830052CDF9EBB4323EA860C /* PBXTargetDependency */ = {
			isa = PBXTargetDependency;
			name = "ultra-template-assets_UltraTemplateAssets";
			target = BEEF18831B719AB0BE68E867 /* ultra-template-assets_UltraTemplateAssets */;
			targetProxy = DBE59E7E3C6918CF9BADEFB0 /* PBXContainerItemProxy */;
		};
/* End PBXTargetDependency section */

/* Begin XCBuildConfiguration section */
		014E6B734358959F293F0E42 /* Release */ = {
			isa = XCBuildConfiguration;
			buildSettings = {
				CODE_SIGNING_ALLOWED = NO;
				CODE_SIGN_IDENTITY = "iPhone Developer";
				"CODE_SIGN_IDENTITY[sdk=macosx*]" = "-";
				DERIVE_MACCATALYST_PRODUCT_BUNDLE_IDENTIFIER = YES;
				GENERATE_MASTER_OBJECT_FILE = NO;
				INFOPLIST_FILE = "Derived/InfoPlists/ultra-template-assets_UltraTemplateAssets-Info.plist";
				IPHONEOS_DEPLOYMENT_TARGET = 26.0;
				PRODUCT_BUNDLE_IDENTIFIER = UltraTemplateAssets.generated.resources;
				PRODUCT_NAME = "ultra-template-assets_UltraTemplateAssets";
				SDKROOT = iphoneos;
				SKIP_INSTALL = YES;
				SUPPORTS_MACCATALYST = YES;
				SUPPORTS_MAC_DESIGNED_FOR_IPHONE_IPAD = YES;
				SUPPORTS_XR_DESIGNED_FOR_IPHONE_IPAD = YES;
				SWIFT_COMPILATION_MODE = wholemodule;
				SWIFT_OPTIMIZATION_LEVEL = "-O";
				TARGETED_DEVICE_FAMILY = "1,2,6";
				VERSIONING_SYSTEM = "";
			};
			name = Release;
		};
		2D54B748D20944AE57CA6F9F /* Debug */ = {
			isa = XCBuildConfiguration;
			buildSettings = {
				ALWAYS_SEARCH_USER_PATHS = YES;
				CLANG_ANALYZER_LOCALIZABILITY_NONLOCALIZED = YES;
				CLANG_ANALYZER_NONNULL = YES;
				CLANG_ANALYZER_NUMBER_OBJECT_CONVERSION = YES_AGGRESSIVE;
				CLANG_CXX_LANGUAGE_STANDARD = "gnu++14";
				CLANG_CXX_LIBRARY = "libc++";
				CLANG_ENABLE_MODULES = YES;
				CLANG_ENABLE_OBJC_ARC = YES;
				CLANG_ENABLE_OBJC_WEAK = NO;
				CLANG_WARN_BLOCK_CAPTURE_AUTORELEASING = YES;
				CLANG_WARN_BOOL_CONVERSION = YES;
				CLANG_WARN_COMMA = YES;
				CLANG_WARN_CONSTANT_CONVERSION = YES;
				CLANG_WARN_DEPRECATED_OBJC_IMPLEMENTATIONS = YES;
				CLANG_WARN_DIRECT_OBJC_ISA_USAGE = YES_ERROR;
				CLANG_WARN_DOCUMENTATION_COMMENTS = YES;
				CLANG_WARN_EMPTY_BODY = YES;
				CLANG_WARN_ENUM_CONVERSION = YES;
				CLANG_WARN_INFINITE_RECURSION = YES;
				CLANG_WARN_INT_CONVERSION = YES;
				CLANG_WARN_NON_LITERAL_NULL_CONVERSION = YES;
				CLANG_WARN_OBJC_IMPLICIT_RETAIN_SELF = YES;
				CLANG_WARN_OBJC_LITERAL_CONVERSION = YES;
				CLANG_WARN_OBJC_ROOT_CLASS = YES_ERROR;
				CLANG_WARN_QUOTED_INCLUDE_IN_FRAMEWORK_HEADER = NO;
				CLANG_WARN_RANGE_LOOP_ANALYSIS = YES;
				CLANG_WARN_STRICT_PROTOTYPES = YES;
				CLANG_WARN_SUSPICIOUS_MOVE = YES;
				CLANG_WARN_UNGUARDED_AVAILABILITY = YES_AGGRESSIVE;
				CLANG_WARN_UNREACHABLE_CODE = YES;
				CLANG_WARN__DUPLICATE_METHOD_MATCH = YES;
				COPY_PHASE_STRIP = NO;
				DEAD_CODE_STRIPPING = YES;
				DEBUG_INFORMATION_FORMAT = dwarf;
				ENABLE_STRICT_OBJC_MSGSEND = NO;
				ENABLE_TESTABILITY = YES;
				FRAMEWORK_SEARCH_PATHS = (
					"$(inherited)",
					"$(PLATFORM_DIR)/Developer/Library/Frameworks",
				);
				GCC_C_LANGUAGE_STANDARD = gnu11;
				GCC_DYNAMIC_NO_PIC = NO;
				GCC_NO_COMMON_BLOCKS = NO;
				GCC_OPTIMIZATION_LEVEL = 0;
				GCC_PREPROCESSOR_DEFINITIONS = (
					"$(inherited)",
					"DEBUG=1",
					"SWIFT_PACKAGE=1",
				);
				GCC_WARN_64_TO_32_BIT_CONVERSION = YES;
				GCC_WARN_ABOUT_RETURN_TYPE = YES_ERROR;
				GCC_WARN_INHIBIT_ALL_WARNINGS = YES;
				GCC_WARN_UNDECLARED_SELECTOR = YES;
				GCC_WARN_UNINITIALIZED_AUTOS = YES_AGGRESSIVE;
				GCC_WARN_UNUSED_FUNCTION = YES;
				GCC_WARN_UNUSED_VARIABLE = YES;
				MTL_ENABLE_DEBUG_INFO = YES;
				ONLY_ACTIVE_ARCH = YES;
				OTHER_SWIFT_FLAGS = (
					"$(inherited)",
					"-package-name",
					"ultra-template-assets",
				);
				PRODUCT_NAME = "$(TARGET_NAME)";
				SWIFT_ACTIVE_COMPILATION_CONDITIONS = (
					"$(inherited)",
					SWIFT_PACKAGE,
				);
				SWIFT_SUPPRESS_WARNINGS = YES;
				SWIFT_VERSION = 6.0.0;
				USE_HEADERMAP = NO;
			};
			name = Debug;
		};
		3FEEB48C726375DDAF01D3F6 /* Debug */ = {
			isa = XCBuildConfiguration;
			buildSettings = {
				CODE_SIGNING_ALLOWED = NO;
				CODE_SIGN_IDENTITY = "iPhone Developer";
				"CODE_SIGN_IDENTITY[sdk=macosx*]" = "-";
				DERIVE_MACCATALYST_PRODUCT_BUNDLE_IDENTIFIER = YES;
				GENERATE_MASTER_OBJECT_FILE = NO;
				INFOPLIST_FILE = "Derived/InfoPlists/ultra-template-assets_UltraTemplateAssets-Info.plist";
				IPHONEOS_DEPLOYMENT_TARGET = 26.0;
				PRODUCT_BUNDLE_IDENTIFIER = UltraTemplateAssets.generated.resources;
				PRODUCT_NAME = "ultra-template-assets_UltraTemplateAssets";
				SDKROOT = iphoneos;
				SKIP_INSTALL = YES;
				SUPPORTS_MACCATALYST = YES;
				SUPPORTS_MAC_DESIGNED_FOR_IPHONE_IPAD = YES;
				SUPPORTS_XR_DESIGNED_FOR_IPHONE_IPAD = YES;
				SWIFT_ACTIVE_COMPILATION_CONDITIONS = (
					"$(inherited)",
					DEBUG,
				);
				SWIFT_COMPILATION_MODE = singlefile;
				SWIFT_OPTIMIZATION_LEVEL = "-Onone";
				TARGETED_DEVICE_FAMILY = "1,2,6";
				VERSIONING_SYSTEM = "";
			};
			name = Debug;
		};
		AF52428DFB76FA830FE0AD1C /* Release */ = {
			isa = XCBuildConfiguration;
			buildSettings = {
				ALWAYS_SEARCH_USER_PATHS = YES;
				CLANG_ANALYZER_LOCALIZABILITY_NONLOCALIZED = YES;
				CLANG_ANALYZER_NONNULL = YES;
				CLANG_ANALYZER_NUMBER_OBJECT_CONVERSION = YES_AGGRESSIVE;
				CLANG_CXX_LANGUAGE_STANDARD = "gnu++14";
				CLANG_CXX_LIBRARY = "libc++";
				CLANG_ENABLE_MODULES = YES;
				CLANG_ENABLE_OBJC_ARC = YES;
				CLANG_ENABLE_OBJC_WEAK = NO;
				CLANG_WARN_BLOCK_CAPTURE_AUTORELEASING = YES;
				CLANG_WARN_BOOL_CONVERSION = YES;
				CLANG_WARN_COMMA = YES;
				CLANG_WARN_CONSTANT_CONVERSION = YES;
				CLANG_WARN_DEPRECATED_OBJC_IMPLEMENTATIONS = YES;
				CLANG_WARN_DIRECT_OBJC_ISA_USAGE = YES_ERROR;
				CLANG_WARN_DOCUMENTATION_COMMENTS = YES;
				CLANG_WARN_EMPTY_BODY = YES;
				CLANG_WARN_ENUM_CONVERSION = YES;
				CLANG_WARN_INFINITE_RECURSION = YES;
				CLANG_WARN_INT_CONVERSION = YES;
				CLANG_WARN_NON_LITERAL_NULL_CONVERSION = YES;
				CLANG_WARN_OBJC_IMPLICIT_RETAIN_SELF = YES;
				CLANG_WARN_OBJC_LITERAL_CONVERSION = YES;
				CLANG_WARN_OBJC_ROOT_CLASS = YES_ERROR;
				CLANG_WARN_QUOTED_INCLUDE_IN_FRAMEWORK_HEADER = NO;
				CLANG_WARN_RANGE_LOOP_ANALYSIS = YES;
				CLANG_WARN_STRICT_PROTOTYPES = YES;
				CLANG_WARN_SUSPICIOUS_MOVE = YES;
				CLANG_WARN_UNGUARDED_AVAILABILITY = YES_AGGRESSIVE;
				CLANG_WARN_UNREACHABLE_CODE = YES;
				CLANG_WARN__DUPLICATE_METHOD_MATCH = YES;
				COPY_PHASE_STRIP = NO;
				DEAD_CODE_STRIPPING = YES;
				DEBUG_INFORMATION_FORMAT = "dwarf-with-dsym";
				ENABLE_NS_ASSERTIONS = NO;
				ENABLE_STRICT_OBJC_MSGSEND = NO;
				FRAMEWORK_SEARCH_PATHS = (
					"$(inherited)",
					"$(PLATFORM_DIR)/Developer/Library/Frameworks",
				);
				GCC_C_LANGUAGE_STANDARD = gnu11;
				GCC_NO_COMMON_BLOCKS = NO;
				GCC_PREPROCESSOR_DEFINITIONS = (
					"$(inherited)",
					"SWIFT_PACKAGE=1",
				);
				GCC_WARN_64_TO_32_BIT_CONVERSION = YES;
				GCC_WARN_ABOUT_RETURN_TYPE = YES_ERROR;
				GCC_WARN_INHIBIT_ALL_WARNINGS = YES;
				GCC_WARN_UNDECLARED_SELECTOR = YES;
				GCC_WARN_UNINITIALIZED_AUTOS = YES_AGGRESSIVE;
				GCC_WARN_UNUSED_FUNCTION = YES;
				GCC_WARN_UNUSED_VARIABLE = YES;
				MTL_ENABLE_DEBUG_INFO = NO;
				OTHER_SWIFT_FLAGS = (
					"$(inherited)",
					"-package-name",
					"ultra-template-assets",
				);
				PRODUCT_NAME = "$(TARGET_NAME)";
				SWIFT_ACTIVE_COMPILATION_CONDITIONS = (
					"$(inherited)",
					SWIFT_PACKAGE,
				);
				SWIFT_SUPPRESS_WARNINGS = YES;
				SWIFT_VERSION = 6.0.0;
				USE_HEADERMAP = NO;
				VALIDATE_PRODUCT = YES;
			};
			name = Release;
		};
		C8E2B5F09C0DABDF0C6F6998 /* Debug */ = {
			isa = XCBuildConfiguration;
			buildSettings = {
				CODE_SIGN_IDENTITY = "";
				"CODE_SIGN_IDENTITY[sdk=macosx*]" = "-";
				CURRENT_PROJECT_VERSION = 1;
				DEFINES_MODULE = YES;
				DERIVE_MACCATALYST_PRODUCT_BUNDLE_IDENTIFIER = YES;
				DYLIB_COMPATIBILITY_VERSION = 1;
				DYLIB_CURRENT_VERSION = 1;
				DYLIB_INSTALL_NAME_BASE = "@rpath";
				INFOPLIST_FILE = "Derived/InfoPlists/UltraTemplateAssets-Info.plist";
				INSTALL_PATH = "$(LOCAL_LIBRARY_DIR)/Frameworks";
				IPHONEOS_DEPLOYMENT_TARGET = 26.0;
				LD_RUNPATH_SEARCH_PATHS = (
					"$(inherited)",
					"@executable_path/Frameworks",
					"@loader_path/Frameworks",
				);
				MACH_O_TYPE = staticlib;
				OTHER_SWIFT_FLAGS = "$(inherited)";
				PRODUCT_BUNDLE_IDENTIFIER = UltraTemplateAssets;
				PRODUCT_NAME = UltraTemplateAssets;
				SDKROOT = iphoneos;
				SKIP_INSTALL = YES;
				SUPPORTS_MACCATALYST = YES;
				SUPPORTS_MAC_DESIGNED_FOR_IPHONE_IPAD = YES;
				SUPPORTS_XR_DESIGNED_FOR_IPHONE_IPAD = YES;
				SWIFT_ACTIVE_COMPILATION_CONDITIONS = (
					"$(inherited)",
					DEBUG,
				);
				SWIFT_COMPILATION_MODE = singlefile;
				SWIFT_OPTIMIZATION_LEVEL = "-Onone";
				TARGETED_DEVICE_FAMILY = "1,2,6";
				VERSIONING_SYSTEM = "apple-generic";
				VERSION_INFO_PREFIX = "";
			};
			name = Debug;
		};
		EBEAAF043D6FB9AC7A29528C /* Release */ = {
			isa = XCBuildConfiguration;
			buildSettings = {
				CODE_SIGN_IDENTITY = "";
				"CODE_SIGN_IDENTITY[sdk=macosx*]" = "-";
				CURRENT_PROJECT_VERSION = 1;
				DEFINES_MODULE = YES;
				DERIVE_MACCATALYST_PRODUCT_BUNDLE_IDENTIFIER = YES;
				DYLIB_COMPATIBILITY_VERSION = 1;
				DYLIB_CURRENT_VERSION = 1;
				DYLIB_INSTALL_NAME_BASE = "@rpath";
				INFOPLIST_FILE = "Derived/InfoPlists/UltraTemplateAssets-Info.plist";
				INSTALL_PATH = "$(LOCAL_LIBRARY_DIR)/Frameworks";
				IPHONEOS_DEPLOYMENT_TARGET = 26.0;
				LD_RUNPATH_SEARCH_PATHS = (
					"$(inherited)",
					"@executable_path/Frameworks",
					"@loader_path/Frameworks",
				);
				MACH_O_TYPE = staticlib;
				OTHER_SWIFT_FLAGS = "$(inherited)";
				PRODUCT_BUNDLE_IDENTIFIER = UltraTemplateAssets;
				PRODUCT_NAME = UltraTemplateAssets;
				SDKROOT = iphoneos;
				SKIP_INSTALL = YES;
				SUPPORTS_MACCATALYST = YES;
				SUPPORTS_MAC_DESIGNED_FOR_IPHONE_IPAD = YES;
				SUPPORTS_XR_DESIGNED_FOR_IPHONE_IPAD = YES;
				SWIFT_COMPILATION_MODE = wholemodule;
				SWIFT_OPTIMIZATION_LEVEL = "-O";
				TARGETED_DEVICE_FAMILY = "1,2,6";
				VERSIONING_SYSTEM = "apple-generic";
				VERSION_INFO_PREFIX = "";
			};
			name = Release;
		};
/* End XCBuildConfiguration section */

/* Begin XCConfigurationList section */
		084D3AF95982347671359A31 /* Build configuration list for PBXNativeTarget "ultra-template-assets_UltraTemplateAssets" */ = {
			isa = XCConfigurationList;
			buildConfigurations = (
				3FEEB48C726375DDAF01D3F6 /* Debug */,
				014E6B734358959F293F0E42 /* Release */,
			);
			defaultConfigurationIsVisible = 0;
			defaultConfigurationName = Release;
		};
		27A10E41C4DF3B109D5CEDC3 /* Build configuration list for PBXNativeTarget "UltraTemplateAssets" */ = {
			isa = XCConfigurationList;
			buildConfigurations = (
				C8E2B5F09C0DABDF0C6F6998 /* Debug */,
				EBEAAF043D6FB9AC7A29528C /* Release */,
			);
			defaultConfigurationIsVisible = 0;
			defaultConfigurationName = Release;
		};
		A117210EB7217771A64E47BF /* Build configuration list for PBXProject "ultra-template-assets" */ = {
			isa = XCConfigurationList;
			buildConfigurations = (
				2D54B748D20944AE57CA6F9F /* Debug */,
				AF52428DFB76FA830FE0AD1C /* Release */,
			);
			defaultConfigurationIsVisible = 0;
			defaultConfigurationName = Release;
		};
/* End XCConfigurationList section */
	};
	rootObject = 84FB1A8BA1A134FA43E6D46A /* Project object */;
}
